
Microsoft Visual Studio Solution File, Format Version 12.00
# Visual Studio Version 17
VisualStudioVersion = 17.7.34018.315
MinimumVisualStudioVersion = 10.0.40219.1
Project("{FAE04EC0-301F-11D3-BF4B-00C04F79EFBC}") = "ÄPI", "ÄPI\ÄPI.csproj", "{DC7BA7A2-7D02-4231-9845-B670386338D1}"
EndProject
Global
	GlobalSection(SolutionConfigurationPlatforms) = preSolution
		Debug|Any CPU = Debug|Any CPU
		Release|Any CPU = Release|Any CPU
	EndGlobalSection
	GlobalSection(ProjectConfigurationPlatforms) = postSolution
		{DC7BA7A2-7D02-4231-9845-B670386338D1}.Debug|Any CPU.ActiveCfg = Debug|Any CPU
		{DC7BA7A2-7D02-4231-9845-B670386338D1}.Debug|Any CPU.Build.0 = Debug|Any CPU
		{DC7BA7A2-7D02-4231-9845-B670386338D1}.Release|Any CPU.ActiveCfg = Release|Any CPU
		{DC7BA7A2-7D02-4231-9845-B670386338D1}.Release|Any CPU.Build.0 = Release|Any CPU
	EndGlobalSection
	GlobalSection(SolutionProperties) = preSolution
		HideSolutionNode = FALSE
	EndGlobalSection
	GlobalSection(ExtensibilityGlobals) = postSolution
		SolutionGuid = {5FFCB9EE-D8B9-4F64-95FB-709A284991B1}
	EndGlobalSection
EndGlobal
